{
  "name": "ianmcodes.github.io",
  "version": "1.0.0",
  "lockfileVersion": 2,
  "requires": true,
  "packages": {
    "": {
      "name": "ianmcodes.github.io",
      "version": "1.0.0",
      "license": "ISC",
      "dependencies": {
        "@builder.io/partytown": "^0.5.1",
        "uglifycss": "0.0.29"
      }
    },
    "node_modules/@builder.io/partytown": {
      "version": "0.5.1",
      "resolved": "https://registry.npmjs.org/@builder.io/partytown/-/partytown-0.5.1.tgz",
      "integrity": "sha512-Qs1CrHTT/I1xeNlPn6+KSxhQhvcJKv2mZhesLfEeEftRbCWb3TdXIghNNIxrnAmD7Sivdp8dSOGEAcM8BLybDA==",
      "bin": {
        "partytown": "bin/partytown.cjs"
      }
    },
    "node_modules/uglifycss": {
      "version": "0.0.29",
      "resolved": "https://registry.npmjs.org/uglifycss/-/uglifycss-0.0.29.tgz",
      "integrity": "sha512-J2SQ2QLjiknNGbNdScaNZsXgmMGI0kYNrXaDlr4obnPW9ni1jljb1NeEVWAiTgZ8z+EBWP2ozfT9vpy03rjlMQ==",
      "bin": {
        "uglifycss": "uglifycss"
      },
      "engines": {
        "node": ">=6.4.0"
      }
    }
  },
  "dependencies": {
    "@builder.io/partytown": {
      "version": "0.5.1",
      "resolved": "https://registry.npmjs.org/@builder.io/partytown/-/partytown-0.5.1.tgz",
      "integrity": "sha512-Qs1CrHTT/I1xeNlPn6+KSxhQhvcJKv2mZhesLfEeEftRbCWb3TdXIghNNIxrnAmD7Sivdp8dSOGEAcM8BLybDA=="
    },
    "uglifycss": {
      "version": "0.0.29",
      "resolved": "https://registry.npmjs.org/uglifycss/-/uglifycss-0.0.29.tgz",
      "integrity": "sha512-J2SQ2QLjiknNGbNdScaNZsXgmMGI0kYNrXaDlr4obnPW9ni1jljb1NeEVWAiTgZ8z+EBWP2ozfT9vpy03rjlMQ==",
      "dev": true
    }
  }
}
